
Microsoft Visual Studio Solution File, Format Version 12.00
# Visual Studio Version 16
VisualStudioVersion = 16.0.34601.136
MinimumVisualStudioVersion = 10.0.40219.1
Project("{C9674DCB-5085-4A16-B785-4C70DD1589BD}") = "SSIS-Project", "SSIS-Project\SSIS-Project.dtproj", "{728326D0-6762-456D-8D1A-2B23DB88950E}"
EndProject
Global
	GlobalSection(SolutionConfigurationPlatforms) = preSolution
		Development|Default = Development|Default
	EndGlobalSection
	GlobalSection(ProjectConfigurationPlatforms) = postSolution
		{728326D0-6762-456D-8D1A-2B23DB88950E}.Development|Default.ActiveCfg = Development
		{728326D0-6762-456D-8D1A-2B23DB88950E}.Development|Default.Build.0 = Development
	EndGlobalSection
	GlobalSection(SolutionProperties) = preSolution
		HideSolutionNode = FALSE
	EndGlobalSection
	GlobalSection(ExtensibilityGlobals) = postSolution
		SolutionGuid = {107C2BA2-45C6-499B-A41F-3E24EB58D11B}
	EndGlobalSection
EndGlobal
